
Microsoft Visual Studio Solution File, Format Version 12.00
# Visual Studio Version 17
VisualStudioVersion = 17.3.32505.426
MinimumVisualStudioVersion = 10.0.40219.1
Project("{8BC9CEB8-8B4A-11D0-8D11-00A0C91BC942}") = "MediaPlayerCPP", "Samples\MediaPlayerCPP\MediaPlayerCPP.vcxproj", "{9C0EB7EC-6FED-46E7-9CC9-F36132050AA1}"
EndProject
Project("{FAE04EC0-301F-11D3-BF4B-00C04F79EFBC}") = "MediaPlayerCS", "Samples\MediaPlayerCS\MediaPlayerCS.csproj", "{3CFE9DE0-525A-474E-A7F3-876CC2876CFB}"
EndProject
Project("{9A19103F-16F7-4668-BE54-9A1E7A4F7556}") = "FFmpegInteropX.UnitTests", "Tests\FFmpegInteropX.UnitTests.csproj", "{F1ECBD62-71FE-47FB-B588-1E331A375B59}"
EndProject
Project("{8BC9CEB8-8B4A-11D0-8D11-00A0C91BC942}") = "FFmpegInteropX", "Source\FFmpegInteropX.vcxproj", "{9CFA3B3E-B7AF-4629-84E2-C962C5B046B1}"
EndProject
Project("{C7167F0D-BC9F-4E6E-AFE1-012C56B48DB5}") = "MediaPlayerWinUI (Package)", "Samples\MediaPlayerWinUI (Package)\MediaPlayerWinUI (Package).wapproj", "{C7661595-555A-41DA-B7BC-3F0B868BCDFB}"
EndProject
Project("{9A19103F-16F7-4668-BE54-9A1E7A4F7556}") = "MediaPlayerWinUI", "Samples\MediaPlayerWinUI\MediaPlayerWinUI.csproj", "{A2090993-F4FF-4C76-BCE1-6EF7905F0EA1}"
EndProject
Project("{9A19103F-16F7-4668-BE54-9A1E7A4F7556}") = "FFmpegInteropX.DotNet", "Source\FFmpegInteropX.DotNet.csproj", "{188F4D30-E01F-4FCC-A349-B371221252F4}"
EndProject
Project("{8BC9CEB8-8B4A-11D0-8D11-00A0C91BC942}") = "FFmpegInteropX.VideoEffects", "VideoEffects\FFmpegInteropX.VideoEffects.vcxproj", "{6C4BFF5E-7037-4EE8-9C9F-5381C35BA066}"
EndProject
Global
	GlobalSection(SolutionConfigurationPlatforms) = preSolution
		Debug_Desktop|ARM = Debug_Desktop|ARM
		Debug_Desktop|ARM64 = Debug_Desktop|ARM64
		Debug_Desktop|x64 = Debug_Desktop|x64
		Debug_Desktop|x86 = Debug_Desktop|x86
		Debug_UWP|ARM = Debug_UWP|ARM
		Debug_UWP|ARM64 = Debug_UWP|ARM64
		Debug_UWP|x64 = Debug_UWP|x64
		Debug_UWP|x86 = Debug_UWP|x86
		Release_Desktop|ARM = Release_Desktop|ARM
		Release_Desktop|ARM64 = Release_Desktop|ARM64
		Release_Desktop|x64 = Release_Desktop|x64
		Release_Desktop|x86 = Release_Desktop|x86
		Release_UWP|ARM = Release_UWP|ARM
		Release_UWP|ARM64 = Release_UWP|ARM64
		Release_UWP|x64 = Release_UWP|x64
		Release_UWP|x86 = Release_UWP|x86
	EndGlobalSection
	GlobalSection(ProjectConfigurationPlatforms) = postSolution
		{9C0EB7EC-6FED-46E7-9CC9-F36132050AA1}.Debug_Desktop|ARM.ActiveCfg = Debug|ARM
		{9C0EB7EC-6FED-46E7-9CC9-F36132050AA1}.Debug_Desktop|ARM64.ActiveCfg = Debug|ARM64
		{9C0EB7EC-6FED-46E7-9CC9-F36132050AA1}.Debug_Desktop|x64.ActiveCfg = Debug|x64
		{9C0EB7EC-6FED-46E7-9CC9-F36132050AA1}.Debug_Desktop|x86.ActiveCfg = Debug|Win32
		{9C0EB7EC-6FED-46E7-9CC9-F36132050AA1}.Debug_UWP|ARM.ActiveCfg = Debug|ARM
		{9C0EB7EC-6FED-46E7-9CC9-F36132050AA1}.Debug_UWP|ARM.Build.0 = Debug|ARM
		{9C0EB7EC-6FED-46E7-9CC9-F36132050AA1}.Debug_UWP|ARM.Deploy.0 = Debug|ARM
		{9C0EB7EC-6FED-46E7-9CC9-F36132050AA1}.Debug_UWP|ARM64.ActiveCfg = Debug|ARM64
		{9C0EB7EC-6FED-46E7-9CC9-F36132050AA1}.Debug_UWP|ARM64.Build.0 = Debug|ARM64
		{9C0EB7EC-6FED-46E7-9CC9-F36132050AA1}.Debug_UWP|ARM64.Deploy.0 = Debug|ARM64
		{9C0EB7EC-6FED-46E7-9CC9-F36132050AA1}.Debug_UWP|x64.ActiveCfg = Debug|x64
		{9C0EB7EC-6FED-46E7-9CC9-F36132050AA1}.Debug_UWP|x64.Build.0 = Debug|x64
		{9C0EB7EC-6FED-46E7-9CC9-F36132050AA1}.Debug_UWP|x64.Deploy.0 = Debug|x64
		{9C0EB7EC-6FED-46E7-9CC9-F36132050AA1}.Debug_UWP|x86.ActiveCfg = Debug|Win32
		{9C0EB7EC-6FED-46E7-9CC9-F36132050AA1}.Debug_UWP|x86.Build.0 = Debug|Win32
		{9C0EB7EC-6FED-46E7-9CC9-F36132050AA1}.Debug_UWP|x86.Deploy.0 = Debug|Win32
		{9C0EB7EC-6FED-46E7-9CC9-F36132050AA1}.Release_Desktop|ARM.ActiveCfg = Release|ARM
		{9C0EB7EC-6FED-46E7-9CC9-F36132050AA1}.Release_Desktop|ARM64.ActiveCfg = Release|ARM64
		{9C0EB7EC-6FED-46E7-9CC9-F36132050AA1}.Release_Desktop|x64.ActiveCfg = Release|x64
		{9C0EB7EC-6FED-46E7-9CC9-F36132050AA1}.Release_Desktop|x86.ActiveCfg = Release|Win32
		{9C0EB7EC-6FED-46E7-9CC9-F36132050AA1}.Release_UWP|ARM.ActiveCfg = Release|ARM
		{9C0EB7EC-6FED-46E7-9CC9-F36132050AA1}.Release_UWP|ARM.Build.0 = Release|ARM
		{9C0EB7EC-6FED-46E7-9CC9-F36132050AA1}.Release_UWP|ARM.Deploy.0 = Release|ARM
		{9C0EB7EC-6FED-46E7-9CC9-F36132050AA1}.Release_UWP|ARM64.ActiveCfg = Release|ARM64
		{9C0EB7EC-6FED-46E7-9CC9-F36132050AA1}.Release_UWP|ARM64.Build.0 = Release|ARM64
		{9C0EB7EC-6FED-46E7-9CC9-F36132050AA1}.Release_UWP|ARM64.Deploy.0 = Release|ARM64
		{9C0EB7EC-6FED-46E7-9CC9-F36132050AA1}.Release_UWP|x64.ActiveCfg = Release|x64
		{9C0EB7EC-6FED-46E7-9CC9-F36132050AA1}.Release_UWP|x64.Build.0 = Release|x64
		{9C0EB7EC-6FED-46E7-9CC9-F36132050AA1}.Release_UWP|x64.Deploy.0 = Release|x64
		{9C0EB7EC-6FED-46E7-9CC9-F36132050AA1}.Release_UWP|x86.ActiveCfg = Release|Win32
		{9C0EB7EC-6FED-46E7-9CC9-F36132050AA1}.Release_UWP|x86.Build.0 = Release|Win32
		{9C0EB7EC-6FED-46E7-9CC9-F36132050AA1}.Release_UWP|x86.Deploy.0 = Release|Win32
		{3CFE9DE0-525A-474E-A7F3-876CC2876CFB}.Debug_Desktop|ARM.ActiveCfg = Debug|ARM
		{3CFE9DE0-525A-474E-A7F3-876CC2876CFB}.Debug_Desktop|ARM64.ActiveCfg = Debug|ARM64
		{3CFE9DE0-525A-474E-A7F3-876CC2876CFB}.Debug_Desktop|x64.ActiveCfg = Debug|x64
		{3CFE9DE0-525A-474E-A7F3-876CC2876CFB}.Debug_Desktop|x86.ActiveCfg = Debug|x86
		{3CFE9DE0-525A-474E-A7F3-876CC2876CFB}.Debug_UWP|ARM.ActiveCfg = Debug|ARM
		{3CFE9DE0-525A-474E-A7F3-876CC2876CFB}.Debug_UWP|ARM.Build.0 = Debug|ARM
		{3CFE9DE0-525A-474E-A7F3-876CC2876CFB}.Debug_UWP|ARM.Deploy.0 = Debug|ARM
		{3CFE9DE0-525A-474E-A7F3-876CC2876CFB}.Debug_UWP|ARM64.ActiveCfg = Debug|ARM64
		{3CFE9DE0-525A-474E-A7F3-876CC2876CFB}.Debug_UWP|ARM64.Build.0 = Debug|ARM64
		{3CFE9DE0-525A-474E-A7F3-876CC2876CFB}.Debug_UWP|ARM64.Deploy.0 = Debug|ARM64
		{3CFE9DE0-525A-474E-A7F3-876CC2876CFB}.Debug_UWP|x64.ActiveCfg = Debug|x64
		{3CFE9DE0-525A-474E-A7F3-876CC2876CFB}.Debug_UWP|x64.Build.0 = Debug|x64
		{3CFE9DE0-525A-474E-A7F3-876CC2876CFB}.Debug_UWP|x64.Deploy.0 = Debug|x64
		{3CFE9DE0-525A-474E-A7F3-876CC2876CFB}.Debug_UWP|x86.ActiveCfg = Debug|x86
		{3CFE9DE0-525A-474E-A7F3-876CC2876CFB}.Debug_UWP|x86.Build.0 = Debug|x86
		{3CFE9DE0-525A-474E-A7F3-876CC2876CFB}.Debug_UWP|x86.Deploy.0 = Debug|x86
		{3CFE9DE0-525A-474E-A7F3-876CC2876CFB}.Release_Desktop|ARM.ActiveCfg = Release|ARM
		{3CFE9DE0-525A-474E-A7F3-876CC2876CFB}.Release_Desktop|ARM64.ActiveCfg = Release|ARM64
		{3CFE9DE0-525A-474E-A7F3-876CC2876CFB}.Release_Desktop|x64.ActiveCfg = Release|x64
		{3CFE9DE0-525A-474E-A7F3-876CC2876CFB}.Release_Desktop|x86.ActiveCfg = Release|x86
		{3CFE9DE0-525A-474E-A7F3-876CC2876CFB}.Release_UWP|ARM.ActiveCfg = Release|ARM
		{3CFE9DE0-525A-474E-A7F3-876CC2876CFB}.Release_UWP|ARM.Build.0 = Release|ARM
		{3CFE9DE0-525A-474E-A7F3-876CC2876CFB}.Release_UWP|ARM.Deploy.0 = Release|ARM
		{3CFE9DE0-525A-474E-A7F3-876CC2876CFB}.Release_UWP|ARM64.ActiveCfg = Release|ARM64
		{3CFE9DE0-525A-474E-A7F3-876CC2876CFB}.Release_UWP|ARM64.Build.0 = Release|ARM64
		{3CFE9DE0-525A-474E-A7F3-876CC2876CFB}.Release_UWP|ARM64.Deploy.0 = Release|ARM64
		{3CFE9DE0-525A-474E-A7F3-876CC2876CFB}.Release_UWP|x64.ActiveCfg = Release|x64
		{3CFE9DE0-525A-474E-A7F3-876CC2876CFB}.Release_UWP|x64.Build.0 = Release|x64
		{3CFE9DE0-525A-474E-A7F3-876CC2876CFB}.Release_UWP|x64.Deploy.0 = Release|x64
		{3CFE9DE0-525A-474E-A7F3-876CC2876CFB}.Release_UWP|x86.ActiveCfg = Release|x86
		{3CFE9DE0-525A-474E-A7F3-876CC2876CFB}.Release_UWP|x86.Build.0 = Release|x86
		{3CFE9DE0-525A-474E-A7F3-876CC2876CFB}.Release_UWP|x86.Deploy.0 = Release|x86
		{F1ECBD62-71FE-47FB-B588-1E331A375B59}.Debug_Desktop|ARM.ActiveCfg = Debug|x64
		{F1ECBD62-71FE-47FB-B588-1E331A375B59}.Debug_Desktop|ARM.Build.0 = Debug|x64
		{F1ECBD62-71FE-47FB-B588-1E331A375B59}.Debug_Desktop|ARM64.ActiveCfg = Debug|ARM64
		{F1ECBD62-71FE-47FB-B588-1E331A375B59}.Debug_Desktop|ARM64.Build.0 = Debug|ARM64
		{F1ECBD62-71FE-47FB-B588-1E331A375B59}.Debug_Desktop|x64.ActiveCfg = Debug|x64
		{F1ECBD62-71FE-47FB-B588-1E331A375B59}.Debug_Desktop|x64.Build.0 = Debug|x64
		{F1ECBD62-71FE-47FB-B588-1E331A375B59}.Debug_Desktop|x86.ActiveCfg = Debug|x86
		{F1ECBD62-71FE-47FB-B588-1E331A375B59}.Debug_Desktop|x86.Build.0 = Debug|x86
		{F1ECBD62-71FE-47FB-B588-1E331A375B59}.Debug_UWP|ARM.ActiveCfg = Debug|x64
		{F1ECBD62-71FE-47FB-B588-1E331A375B59}.Debug_UWP|ARM64.ActiveCfg = Debug|ARM64
		{F1ECBD62-71FE-47FB-B588-1E331A375B59}.Debug_UWP|x64.ActiveCfg = Debug|x64
		{F1ECBD62-71FE-47FB-B588-1E331A375B59}.Debug_UWP|x86.ActiveCfg = Debug|x86
		{F1ECBD62-71FE-47FB-B588-1E331A375B59}.Release_Desktop|ARM.ActiveCfg = Release|x64
		{F1ECBD62-71FE-47FB-B588-1E331A375B59}.Release_Desktop|ARM.Build.0 = Release|x64
		{F1ECBD62-71FE-47FB-B588-1E331A375B59}.Release_Desktop|ARM64.ActiveCfg = Release|ARM64
		{F1ECBD62-71FE-47FB-B588-1E331A375B59}.Release_Desktop|ARM64.Build.0 = Release|ARM64
		{F1ECBD62-71FE-47FB-B588-1E331A375B59}.Release_Desktop|x64.ActiveCfg = Release|x64
		{F1ECBD62-71FE-47FB-B588-1E331A375B59}.Release_Desktop|x64.Build.0 = Release|x64
		{F1ECBD62-71FE-47FB-B588-1E331A375B59}.Release_Desktop|x86.ActiveCfg = Release|x86
		{F1ECBD62-71FE-47FB-B588-1E331A375B59}.Release_Desktop|x86.Build.0 = Release|x86
		{F1ECBD62-71FE-47FB-B588-1E331A375B59}.Release_UWP|ARM.ActiveCfg = Release|x64
		{F1ECBD62-71FE-47FB-B588-1E331A375B59}.Release_UWP|ARM64.ActiveCfg = Release|ARM64
		{F1ECBD62-71FE-47FB-B588-1E331A375B59}.Release_UWP|x64.ActiveCfg = Release|x64
		{F1ECBD62-71FE-47FB-B588-1E331A375B59}.Release_UWP|x86.ActiveCfg = Release|x86
		{9CFA3B3E-B7AF-4629-84E2-C962C5B046B1}.Debug_Desktop|ARM.ActiveCfg = Debug_Desktop|ARM
		{9CFA3B3E-B7AF-4629-84E2-C962C5B046B1}.Debug_Desktop|ARM.Build.0 = Debug_Desktop|ARM
		{9CFA3B3E-B7AF-4629-84E2-C962C5B046B1}.Debug_Desktop|ARM64.ActiveCfg = Debug_Desktop|ARM64
		{9CFA3B3E-B7AF-4629-84E2-C962C5B046B1}.Debug_Desktop|ARM64.Build.0 = Debug_Desktop|ARM64
		{9CFA3B3E-B7AF-4629-84E2-C962C5B046B1}.Debug_Desktop|x64.ActiveCfg = Debug_Desktop|x64
		{9CFA3B3E-B7AF-4629-84E2-C962C5B046B1}.Debug_Desktop|x64.Build.0 = Debug_Desktop|x64
		{9CFA3B3E-B7AF-4629-84E2-C962C5B046B1}.Debug_Desktop|x86.ActiveCfg = Debug_Desktop|Win32
		{9CFA3B3E-B7AF-4629-84E2-C962C5B046B1}.Debug_Desktop|x86.Build.0 = Debug_Desktop|Win32
		{9CFA3B3E-B7AF-4629-84E2-C962C5B046B1}.Debug_UWP|ARM.ActiveCfg = Debug_UWP|ARM
		{9CFA3B3E-B7AF-4629-84E2-C962C5B046B1}.Debug_UWP|ARM.Build.0 = Debug_UWP|ARM
		{9CFA3B3E-B7AF-4629-84E2-C962C5B046B1}.Debug_UWP|ARM64.ActiveCfg = Debug_UWP|ARM64
		{9CFA3B3E-B7AF-4629-84E2-C962C5B046B1}.Debug_UWP|ARM64.Build.0 = Debug_UWP|ARM64
		{9CFA3B3E-B7AF-4629-84E2-C962C5B046B1}.Debug_UWP|x64.ActiveCfg = Debug_UWP|x64
		{9CFA3B3E-B7AF-4629-84E2-C962C5B046B1}.Debug_UWP|x64.Build.0 = Debug_UWP|x64
		{9CFA3B3E-B7AF-4629-84E2-C962C5B046B1}.Debug_UWP|x86.ActiveCfg = Debug_UWP|Win32
		{9CFA3B3E-B7AF-4629-84E2-C962C5B046B1}.Debug_UWP|x86.Build.0 = Debug_UWP|Win32
		{9CFA3B3E-B7AF-4629-84E2-C962C5B046B1}.Release_Desktop|ARM.ActiveCfg = Release_Desktop|ARM
		{9CFA3B3E-B7AF-4629-84E2-C962C5B046B1}.Release_Desktop|ARM.Build.0 = Release_Desktop|ARM
		{9CFA3B3E-B7AF-4629-84E2-C962C5B046B1}.Release_Desktop|ARM64.ActiveCfg = Release_Desktop|ARM64
		{9CFA3B3E-B7AF-4629-84E2-C962C5B046B1}.Release_Desktop|ARM64.Build.0 = Release_Desktop|ARM64
		{9CFA3B3E-B7AF-4629-84E2-C962C5B046B1}.Release_Desktop|x64.ActiveCfg = Release_Desktop|x64
		{9CFA3B3E-B7AF-4629-84E2-C962C5B046B1}.Release_Desktop|x64.Build.0 = Release_Desktop|x64
		{9CFA3B3E-B7AF-4629-84E2-C962C5B046B1}.Release_Desktop|x86.ActiveCfg = Release_Desktop|Win32
		{9CFA3B3E-B7AF-4629-84E2-C962C5B046B1}.Release_Desktop|x86.Build.0 = Release_Desktop|Win32
		{9CFA3B3E-B7AF-4629-84E2-C962C5B046B1}.Release_UWP|ARM.ActiveCfg = Release_UWP|ARM
		{9CFA3B3E-B7AF-4629-84E2-C962C5B046B1}.Release_UWP|ARM.Build.0 = Release_UWP|ARM
		{9CFA3B3E-B7AF-4629-84E2-C962C5B046B1}.Release_UWP|ARM64.ActiveCfg = Release_UWP|ARM64
		{9CFA3B3E-B7AF-4629-84E2-C962C5B046B1}.Release_UWP|ARM64.Build.0 = Release_UWP|ARM64
		{9CFA3B3E-B7AF-4629-84E2-C962C5B046B1}.Release_UWP|x64.ActiveCfg = Release_UWP|x64
		{9CFA3B3E-B7AF-4629-84E2-C962C5B046B1}.Release_UWP|x64.Build.0 = Release_UWP|x64
		{9CFA3B3E-B7AF-4629-84E2-C962C5B046B1}.Release_UWP|x86.ActiveCfg = Release_UWP|Win32
		{9CFA3B3E-B7AF-4629-84E2-C962C5B046B1}.Release_UWP|x86.Build.0 = Release_UWP|Win32
		{C7661595-555A-41DA-B7BC-3F0B868BCDFB}.Debug_Desktop|ARM.ActiveCfg = Debug|x64
		{C7661595-555A-41DA-B7BC-3F0B868BCDFB}.Debug_Desktop|ARM.Build.0 = Debug|x64
		{C7661595-555A-41DA-B7BC-3F0B868BCDFB}.Debug_Desktop|ARM.Deploy.0 = Debug|x64
		{C7661595-555A-41DA-B7BC-3F0B868BCDFB}.Debug_Desktop|ARM64.ActiveCfg = Debug|arm64
		{C7661595-555A-41DA-B7BC-3F0B868BCDFB}.Debug_Desktop|ARM64.Build.0 = Debug|arm64
		{C7661595-555A-41DA-B7BC-3F0B868BCDFB}.Debug_Desktop|ARM64.Deploy.0 = Debug|arm64
		{C7661595-555A-41DA-B7BC-3F0B868BCDFB}.Debug_Desktop|x64.ActiveCfg = Debug|x64
		{C7661595-555A-41DA-B7BC-3F0B868BCDFB}.Debug_Desktop|x64.Build.0 = Debug|x64
		{C7661595-555A-41DA-B7BC-3F0B868BCDFB}.Debug_Desktop|x64.Deploy.0 = Debug|x64
		{C7661595-555A-41DA-B7BC-3F0B868BCDFB}.Debug_Desktop|x86.ActiveCfg = Debug|x86
		{C7661595-555A-41DA-B7BC-3F0B868BCDFB}.Debug_Desktop|x86.Build.0 = Debug|x86
		{C7661595-555A-41DA-B7BC-3F0B868BCDFB}.Debug_Desktop|x86.Deploy.0 = Debug|x86
		{C7661595-555A-41DA-B7BC-3F0B868BCDFB}.Debug_UWP|ARM.ActiveCfg = Debug|x64
		{C7661595-555A-41DA-B7BC-3F0B868BCDFB}.Debug_UWP|ARM64.ActiveCfg = Debug|arm64
		{C7661595-555A-41DA-B7BC-3F0B868BCDFB}.Debug_UWP|x64.ActiveCfg = Debug|x64
		{C7661595-555A-41DA-B7BC-3F0B868BCDFB}.Debug_UWP|x86.ActiveCfg = Debug|x86
		{C7661595-555A-41DA-B7BC-3F0B868BCDFB}.Release_Desktop|ARM.ActiveCfg = Release|x64
		{C7661595-555A-41DA-B7BC-3F0B868BCDFB}.Release_Desktop|ARM.Build.0 = Release|x64
		{C7661595-555A-41DA-B7BC-3F0B868BCDFB}.Release_Desktop|ARM.Deploy.0 = Release|x64
		{C7661595-555A-41DA-B7BC-3F0B868BCDFB}.Release_Desktop|ARM64.ActiveCfg = Release|arm64
		{C7661595-555A-41DA-B7BC-3F0B868BCDFB}.Release_Desktop|ARM64.Build.0 = Release|arm64
		{C7661595-555A-41DA-B7BC-3F0B868BCDFB}.Release_Desktop|ARM64.Deploy.0 = Release|arm64
		{C7661595-555A-41DA-B7BC-3F0B868BCDFB}.Release_Desktop|x64.ActiveCfg = Release|x64
		{C7661595-555A-41DA-B7BC-3F0B868BCDFB}.Release_Desktop|x64.Build.0 = Release|x64
		{C7661595-555A-41DA-B7BC-3F0B868BCDFB}.Release_Desktop|x64.Deploy.0 = Release|x64
		{C7661595-555A-41DA-B7BC-3F0B868BCDFB}.Release_Desktop|x86.ActiveCfg = Release|x86
		{C7661595-555A-41DA-B7BC-3F0B868BCDFB}.Release_Desktop|x86.Build.0 = Release|x86
		{C7661595-555A-41DA-B7BC-3F0B868BCDFB}.Release_Desktop|x86.Deploy.0 = Release|x86
		{C7661595-555A-41DA-B7BC-3F0B868BCDFB}.Release_UWP|ARM.ActiveCfg = Release|x64
		{C7661595-555A-41DA-B7BC-3F0B868BCDFB}.Release_UWP|ARM64.ActiveCfg = Release|arm64
		{C7661595-555A-41DA-B7BC-3F0B868BCDFB}.Release_UWP|x64.ActiveCfg = Release|x64
		{C7661595-555A-41DA-B7BC-3F0B868BCDFB}.Release_UWP|x86.ActiveCfg = Release|x86
		{A2090993-F4FF-4C76-BCE1-6EF7905F0EA1}.Debug_Desktop|ARM.ActiveCfg = Debug|x64
		{A2090993-F4FF-4C76-BCE1-6EF7905F0EA1}.Debug_Desktop|ARM.Build.0 = Debug|x64
		{A2090993-F4FF-4C76-BCE1-6EF7905F0EA1}.Debug_Desktop|ARM64.ActiveCfg = Debug|ARM64
		{A2090993-F4FF-4C76-BCE1-6EF7905F0EA1}.Debug_Desktop|ARM64.Build.0 = Debug|ARM64
		{A2090993-F4FF-4C76-BCE1-6EF7905F0EA1}.Debug_Desktop|x64.ActiveCfg = Debug|x64
		{A2090993-F4FF-4C76-BCE1-6EF7905F0EA1}.Debug_Desktop|x64.Build.0 = Debug|x64
		{A2090993-F4FF-4C76-BCE1-6EF7905F0EA1}.Debug_Desktop|x86.ActiveCfg = Debug|x86
		{A2090993-F4FF-4C76-BCE1-6EF7905F0EA1}.Debug_Desktop|x86.Build.0 = Debug|x86
		{A2090993-F4FF-4C76-BCE1-6EF7905F0EA1}.Debug_UWP|ARM.ActiveCfg = Debug|x64
		{A2090993-F4FF-4C76-BCE1-6EF7905F0EA1}.Debug_UWP|ARM64.ActiveCfg = Debug|ARM64
		{A2090993-F4FF-4C76-BCE1-6EF7905F0EA1}.Debug_UWP|x64.ActiveCfg = Debug|x64
		{A2090993-F4FF-4C76-BCE1-6EF7905F0EA1}.Debug_UWP|x86.ActiveCfg = Debug|x86
		{A2090993-F4FF-4C76-BCE1-6EF7905F0EA1}.Release_Desktop|ARM.ActiveCfg = Release|x64
		{A2090993-F4FF-4C76-BCE1-6EF7905F0EA1}.Release_Desktop|ARM.Build.0 = Release|x64
		{A2090993-F4FF-4C76-BCE1-6EF7905F0EA1}.Release_Desktop|ARM64.ActiveCfg = Release|ARM64
		{A2090993-F4FF-4C76-BCE1-6EF7905F0EA1}.Release_Desktop|ARM64.Build.0 = Release|ARM64
		{A2090993-F4FF-4C76-BCE1-6EF7905F0EA1}.Release_Desktop|x64.ActiveCfg = Release|x64
		{A2090993-F4FF-4C76-BCE1-6EF7905F0EA1}.Release_Desktop|x64.Build.0 = Release|x64
		{A2090993-F4FF-4C76-BCE1-6EF7905F0EA1}.Release_Desktop|x86.ActiveCfg = Release|x86
		{A2090993-F4FF-4C76-BCE1-6EF7905F0EA1}.Release_Desktop|x86.Build.0 = Release|x86
		{A2090993-F4FF-4C76-BCE1-6EF7905F0EA1}.Release_UWP|ARM.ActiveCfg = Release|x64
		{A2090993-F4FF-4C76-BCE1-6EF7905F0EA1}.Release_UWP|ARM64.ActiveCfg = Release|ARM64
		{A2090993-F4FF-4C76-BCE1-6EF7905F0EA1}.Release_UWP|x64.ActiveCfg = Release|x64
		{A2090993-F4FF-4C76-BCE1-6EF7905F0EA1}.Release_UWP|x86.ActiveCfg = Release|x86
		{188F4D30-E01F-4FCC-A349-B371221252F4}.Debug_Desktop|ARM.ActiveCfg = Debug|Any CPU
		{188F4D30-E01F-4FCC-A349-B371221252F4}.Debug_Desktop|ARM.Build.0 = Debug|Any CPU
		{188F4D30-E01F-4FCC-A349-B371221252F4}.Debug_Desktop|ARM64.ActiveCfg = Debug|Any CPU
		{188F4D30-E01F-4FCC-A349-B371221252F4}.Debug_Desktop|ARM64.Build.0 = Debug|Any CPU
		{188F4D30-E01F-4FCC-A349-B371221252F4}.Debug_Desktop|x64.ActiveCfg = Debug|Any CPU
		{188F4D30-E01F-4FCC-A349-B371221252F4}.Debug_Desktop|x64.Build.0 = Debug|Any CPU
		{188F4D30-E01F-4FCC-A349-B371221252F4}.Debug_Desktop|x86.ActiveCfg = Debug|Any CPU
		{188F4D30-E01F-4FCC-A349-B371221252F4}.Debug_Desktop|x86.Build.0 = Debug|Any CPU
		{188F4D30-E01F-4FCC-A349-B371221252F4}.Debug_UWP|ARM.ActiveCfg = Debug|Any CPU
		{188F4D30-E01F-4FCC-A349-B371221252F4}.Debug_UWP|ARM64.ActiveCfg = Debug|Any CPU
		{188F4D30-E01F-4FCC-A349-B371221252F4}.Debug_UWP|x64.ActiveCfg = Debug|Any CPU
		{188F4D30-E01F-4FCC-A349-B371221252F4}.Debug_UWP|x86.ActiveCfg = Debug|Any CPU
		{188F4D30-E01F-4FCC-A349-B371221252F4}.Release_Desktop|ARM.ActiveCfg = Release|Any CPU
		{188F4D30-E01F-4FCC-A349-B371221252F4}.Release_Desktop|ARM.Build.0 = Release|Any CPU
		{188F4D30-E01F-4FCC-A349-B371221252F4}.Release_Desktop|ARM64.ActiveCfg = Release|Any CPU
		{188F4D30-E01F-4FCC-A349-B371221252F4}.Release_Desktop|ARM64.Build.0 = Release|Any CPU
		{188F4D30-E01F-4FCC-A349-B371221252F4}.Release_Desktop|x64.ActiveCfg = Release|Any CPU
		{188F4D30-E01F-4FCC-A349-B371221252F4}.Release_Desktop|x64.Build.0 = Release|Any CPU
		{188F4D30-E01F-4FCC-A349-B371221252F4}.Release_Desktop|x86.ActiveCfg = Release|Any CPU
		{188F4D30-E01F-4FCC-A349-B371221252F4}.Release_Desktop|x86.Build.0 = Release|Any CPU
		{188F4D30-E01F-4FCC-A349-B371221252F4}.Release_UWP|ARM.ActiveCfg = Release|Any CPU
		{188F4D30-E01F-4FCC-A349-B371221252F4}.Release_UWP|ARM64.ActiveCfg = Release|Any CPU
		{188F4D30-E01F-4FCC-A349-B371221252F4}.Release_UWP|x64.ActiveCfg = Release|Any CPU
		{188F4D30-E01F-4FCC-A349-B371221252F4}.Release_UWP|x86.ActiveCfg = Release|Any CPU
		{6C4BFF5E-7037-4EE8-9C9F-5381C35BA066}.Debug_Desktop|ARM.ActiveCfg = Debug_Desktop|ARM
		{6C4BFF5E-7037-4EE8-9C9F-5381C35BA066}.Debug_Desktop|ARM64.ActiveCfg = Debug_Desktop|ARM64
		{6C4BFF5E-7037-4EE8-9C9F-5381C35BA066}.Debug_Desktop|x64.ActiveCfg = Debug_Desktop|x64
		{6C4BFF5E-7037-4EE8-9C9F-5381C35BA066}.Debug_Desktop|x86.ActiveCfg = Debug_Desktop|Win32
		{6C4BFF5E-7037-4EE8-9C9F-5381C35BA066}.Debug_UWP|ARM.ActiveCfg = Debug_UWP|ARM
		{6C4BFF5E-7037-4EE8-9C9F-5381C35BA066}.Debug_UWP|ARM64.ActiveCfg = Debug_UWP|ARM64
		{6C4BFF5E-7037-4EE8-9C9F-5381C35BA066}.Debug_UWP|ARM64.Build.0 = Debug_UWP|ARM64
		{6C4BFF5E-7037-4EE8-9C9F-5381C35BA066}.Debug_UWP|x64.ActiveCfg = Debug_UWP|x64
		{6C4BFF5E-7037-4EE8-9C9F-5381C35BA066}.Debug_UWP|x64.Build.0 = Debug_UWP|x64
		{6C4BFF5E-7037-4EE8-9C9F-5381C35BA066}.Debug_UWP|x86.ActiveCfg = Debug_UWP|Win32
		{6C4BFF5E-7037-4EE8-9C9F-5381C35BA066}.Debug_UWP|x86.Build.0 = Debug_UWP|Win32
		{6C4BFF5E-7037-4EE8-9C9F-5381C35BA066}.Release_Desktop|ARM.ActiveCfg = Release_Desktop|ARM
		{6C4BFF5E-7037-4EE8-9C9F-5381C35BA066}.Release_Desktop|ARM64.ActiveCfg = Release_Desktop|ARM64
		{6C4BFF5E-7037-4EE8-9C9F-5381C35BA066}.Release_Desktop|x64.ActiveCfg = Release_Desktop|x64
		{6C4BFF5E-7037-4EE8-9C9F-5381C35BA066}.Release_Desktop|x86.ActiveCfg = Release_Desktop|Win32
		{6C4BFF5E-7037-4EE8-9C9F-5381C35BA066}.Release_UWP|ARM.ActiveCfg = Release_UWP|ARM
		{6C4BFF5E-7037-4EE8-9C9F-5381C35BA066}.Release_UWP|ARM.Build.0 = Release_UWP|ARM
		{6C4BFF5E-7037-4EE8-9C9F-5381C35BA066}.Release_UWP|ARM64.ActiveCfg = Release_UWP|ARM64
		{6C4BFF5E-7037-4EE8-9C9F-5381C35BA066}.Release_UWP|ARM64.Build.0 = Release_UWP|ARM64
		{6C4BFF5E-7037-4EE8-9C9F-5381C35BA066}.Release_UWP|x64.ActiveCfg = Release_UWP|x64
		{6C4BFF5E-7037-4EE8-9C9F-5381C35BA066}.Release_UWP|x64.Build.0 = Release_UWP|x64
		{6C4BFF5E-7037-4EE8-9C9F-5381C35BA066}.Release_UWP|x86.ActiveCfg = Release_UWP|Win32
		{6C4BFF5E-7037-4EE8-9C9F-5381C35BA066}.Release_UWP|x86.Build.0 = Release_UWP|Win32
	EndGlobalSection
	GlobalSection(SolutionProperties) = preSolution
		HideSolutionNode = FALSE
	EndGlobalSection
	GlobalSection(ExtensibilityGlobals) = postSolution
		SolutionGuid = {ED9B6902-DA86-4E18-9949-3E4B5338E7B8}
	EndGlobalSection
EndGlobal
