<?xml version="1.0" encoding="utf-8"?>
<Project ToolsVersion="14.0" xmlns="http://schemas.microsoft.com/developer/msbuild/2003">
  <ItemGroup>
    <Filter Include="Resources">
      <UniqueIdentifier>65247ed4-8bf5-4cae-b754-fa343845bdc7</UniqueIdentifier>
      <Extensions>rc;ico;cur;bmp;dlg;rc2;rct;bin;rgs;gif;jpg;jpeg;jpe;resx;tga;tiff;tif;png;wav;mfcribbon-ms</Extensions>
    </Filter>
    <Filter Include="Build">
      <UniqueIdentifier>{44fda9a6-fa53-47ae-8634-4e7c973b0598}</UniqueIdentifier>
    </Filter>
    <Filter Include="SampleProviders">
      <UniqueIdentifier>{1057291d-6780-414d-a50a-9bd4c53c5faa}</UniqueIdentifier>
    </Filter>
    <Filter Include="Effects">
      <UniqueIdentifier>{d04c577f-ab8c-4919-8a81-653153bcd28a}</UniqueIdentifier>
    </Filter>
    <Filter Include="Subtitles">
      <UniqueIdentifier>{9e185fcc-5029-47e7-8d3a-ba43f26bb0f1}</UniqueIdentifier>
    </Filter>
    <Filter Include="Helpers">
      <UniqueIdentifier>{cba53c0e-fc61-41d0-92a8-92da386261d7}</UniqueIdentifier>
    </Filter>
  </ItemGroup>
  <ItemGroup>
    <ClCompile Include="pch.cpp" />
    <ClCompile Include="..\..\Source\FFmpegInteropMSS.cpp" />
    <ClCompile Include="..\..\Source\FFmpegReader.cpp" />
    <ClCompile Include="..\..\Source\FFmpegInteropLogging.cpp" />
    <ClCompile Include="..\..\Source\FrameGrabber.cpp" />
    <ClCompile Include="..\..\Source\CompressedSampleProvider.cpp">
      <Filter>SampleProviders</Filter>
    </ClCompile>
    <ClCompile Include="..\..\Source\H264AVCSampleProvider.cpp">
      <Filter>SampleProviders</Filter>
    </ClCompile>
    <ClCompile Include="..\..\Source\HEVCSampleProvider.cpp">
      <Filter>SampleProviders</Filter>
    </ClCompile>
    <ClCompile Include="..\..\Source\MediaSampleProvider.cpp">
      <Filter>SampleProviders</Filter>
    </ClCompile>
    <ClCompile Include="..\..\Source\NALPacketSampleProvider.cpp">
      <Filter>SampleProviders</Filter>
    </ClCompile>
    <ClCompile Include="..\..\Source\UncompressedAudioSampleProvider.cpp">
      <Filter>SampleProviders</Filter>
    </ClCompile>
    <ClCompile Include="..\..\Source\UncompressedSampleProvider.cpp">
      <Filter>SampleProviders</Filter>
    </ClCompile>
    <ClCompile Include="..\..\Source\UncompressedVideoSampleProvider.cpp">
      <Filter>SampleProviders</Filter>
    </ClCompile>
    <ClCompile Include="..\..\Source\NativeBufferFactory.cpp">
      <Filter>Helpers</Filter>
    </ClCompile>
  </ItemGroup>
  <ItemGroup>
    <ClInclude Include="pch.h" />
    <ClInclude Include="..\..\Source\FFmpegInteropMSS.h" />
    <ClInclude Include="..\..\Source\FFmpegReader.h" />
    <ClInclude Include="..\..\Source\ILogProvider.h" />
    <ClInclude Include="..\..\Source\FFmpegInteropLogging.h" />
    <ClInclude Include="..\..\Source\MediaThumbnailData.h" />
    <ClInclude Include="..\..\Source\VideoFrame.h" />
    <ClInclude Include="..\..\Source\FFmpegInteropConfig.h" />
    <ClInclude Include="..\..\Source\StreamInfo.h" />
    <ClInclude Include="..\..\Source\FrameGrabber.h" />
    <ClInclude Include="..\..\Source\AbstractEffectFactory.h">
      <Filter>Effects</Filter>
    </ClInclude>
    <ClInclude Include="..\..\Source\AudioEffectFactory.h">
      <Filter>Effects</Filter>
    </ClInclude>
    <ClInclude Include="..\..\Source\AudioFilter.h">
      <Filter>Effects</Filter>
    </ClInclude>
    <ClInclude Include="..\..\Source\AvEffectDefinition.h">
      <Filter>Effects</Filter>
    </ClInclude>
    <ClInclude Include="..\..\Source\IAvEffect.h">
      <Filter>Effects</Filter>
    </ClInclude>
    <ClInclude Include="..\..\Source\VideoEffectFactory.h">
      <Filter>Effects</Filter>
    </ClInclude>
    <ClInclude Include="..\..\Source\CompressedSampleProvider.h">
      <Filter>SampleProviders</Filter>
    </ClInclude>
    <ClInclude Include="..\..\Source\H264AVCSampleProvider.h">
      <Filter>SampleProviders</Filter>
    </ClInclude>
    <ClInclude Include="..\..\Source\HEVCSampleProvider.h">
      <Filter>SampleProviders</Filter>
    </ClInclude>
    <ClInclude Include="..\..\Source\MediaSampleProvider.h">
      <Filter>SampleProviders</Filter>
    </ClInclude>
    <ClInclude Include="..\..\Source\NALPacketSampleProvider.h">
      <Filter>SampleProviders</Filter>
    </ClInclude>
    <ClInclude Include="..\..\Source\UncompressedAudioSampleProvider.h">
      <Filter>SampleProviders</Filter>
    </ClInclude>
    <ClInclude Include="..\..\Source\UncompressedFrameProvider.h">
      <Filter>SampleProviders</Filter>
    </ClInclude>
    <ClInclude Include="..\..\Source\UncompressedSampleProvider.h">
      <Filter>SampleProviders</Filter>
    </ClInclude>
    <ClInclude Include="..\..\Source\UncompressedVideoSampleProvider.h">
      <Filter>SampleProviders</Filter>
    </ClInclude>
    <ClInclude Include="..\..\Source\SubtitleProvider.h">
      <Filter>Subtitles</Filter>
    </ClInclude>
    <ClInclude Include="..\..\Source\SubtitleProviderBitmap.h">
      <Filter>Subtitles</Filter>
    </ClInclude>
    <ClInclude Include="..\..\Source\SubtitleProviderSsaAss.h">
      <Filter>Subtitles</Filter>
    </ClInclude>
    <ClInclude Include="..\..\Source\NativeBuffer.h">
      <Filter>Helpers</Filter>
    </ClInclude>
    <ClInclude Include="..\..\Source\NativeBufferFactory.h">
      <Filter>Helpers</Filter>
    </ClInclude>
    <ClInclude Include="..\..\Source\CritSec.h">
      <Filter>Helpers</Filter>
    </ClInclude>
    <ClInclude Include="..\..\Source\LanguageTagConverter.h">
      <Filter>Helpers</Filter>
    </ClInclude>
  </ItemGroup>
  <ItemGroup>
    <None Include="..\..\..\BuildFFmpeg.bat">
      <Filter>Build</Filter>
    </None>
    <None Include="..\..\..\BuildFFmpeg_VS2017.bat">
      <Filter>Build</Filter>
    </None>
    <None Include="..\..\..\FFmpegConfig.sh">
      <Filter>Build</Filter>
    </None>
    <None Include="..\..\..\README.md">
      <Filter>Build</Filter>
    </None>
  </ItemGroup>
</Project>