<?xml version="1.0" encoding="utf-8"?>
<Project ToolsVersion="14.0" xmlns="http://schemas.microsoft.com/developer/msbuild/2003">
  <ItemGroup>
    <Filter Include="Resources">
      <UniqueIdentifier>65247ed4-8bf5-4cae-b754-fa343845bdc7</UniqueIdentifier>
      <Extensions>rc;ico;cur;bmp;dlg;rc2;rct;bin;rgs;gif;jpg;jpeg;jpe;resx;tga;tiff;tif;png;wav;mfcribbon-ms</Extensions>
    </Filter>
    <Filter Include="Build">
      <UniqueIdentifier>{44fda9a6-fa53-47ae-8634-4e7c973b0598}</UniqueIdentifier>
    </Filter>
    <Filter Include="SampleProviders">
      <UniqueIdentifier>{1057291d-6780-414d-a50a-9bd4c53c5faa}</UniqueIdentifier>
    </Filter>
    <Filter Include="Effects">
      <UniqueIdentifier>{d04c577f-ab8c-4919-8a81-653153bcd28a}</UniqueIdentifier>
    </Filter>
    <Filter Include="Subtitles">
      <UniqueIdentifier>{9e185fcc-5029-47e7-8d3a-ba43f26bb0f1}</UniqueIdentifier>
    </Filter>
    <Filter Include="Helpers">
      <UniqueIdentifier>{cba53c0e-fc61-41d0-92a8-92da386261d7}</UniqueIdentifier>
    </Filter>
    <Filter Include="Metadata">
      <UniqueIdentifier>{4bf436be-fb97-4ba4-b842-9406d925ebc6}</UniqueIdentifier>
    </Filter>
    <Filter Include="NuGet">
      <UniqueIdentifier>{6ec5dc49-1ce3-43ae-8a32-385d881df05e}</UniqueIdentifier>
    </Filter>
    <Filter Include="StreamInfos">
      <UniqueIdentifier>{4457f816-73b3-40f6-90e2-995463632565}</UniqueIdentifier>
    </Filter>
  </ItemGroup>
  <ItemGroup>
    <None Include="packages.config" />
    <None Include="FFmpegInteropX.def" />
    <None Include="..\Build\FFmpegConfig.sh">
      <Filter>Build</Filter>
    </None>
    <None Include="..\Build\FFmpegInteropX.pfx">
      <Filter>Build</Filter>
    </None>
    <None Include="..\Build\InstallTools.ps1">
      <Filter>Build</Filter>
    </None>
    <None Include="..\Build\Repack-NuGet.ps1">
      <Filter>Build</Filter>
    </None>
    <None Include="..\Build\Start-DevShell.ps1">
      <Filter>Build</Filter>
    </None>
    <None Include="..\Build\FFmpegInteropX.UWP.FFmpeg.nuspec">
      <Filter>NuGet</Filter>
    </None>
    <None Include="..\Build\FFmpegInteropX.UWP.FFmpeg.targets">
      <Filter>NuGet</Filter>
    </None>
    <None Include="..\.editorconfig">
      <Filter>Build</Filter>
    </None>
    <None Include="..\Build-FFmpeg.ps1">
      <Filter>Build</Filter>
    </None>
    <None Include="..\Build-FFmpegInteropX.ps1">
      <Filter>Build</Filter>
    </None>
    <None Include="..\LICENSE">
      <Filter>Build</Filter>
    </None>
    <None Include="..\README.md">
      <Filter>Build</Filter>
    </None>
    <None Include="..\README-BUILD.md">
      <Filter>Build</Filter>
    </None>
    <None Include="cpp.hint" />
    <None Include="..\AppVeyor_Build.bat">
      <Filter>Build</Filter>
    </None>
    <None Include="..\Build\FFmpegInteropX.Desktop.Lib.nuspec">
      <Filter>NuGet</Filter>
    </None>
    <None Include="..\Build\FFmpegInteropX.Desktop.Lib.targets">
      <Filter>NuGet</Filter>
    </None>
    <None Include="..\Build\FFmpegInteropX.UWP.Lib.nuspec">
      <Filter>NuGet</Filter>
    </None>
    <None Include="..\Build\FFmpegInteropX.UWP.Lib.targets">
      <Filter>NuGet</Filter>
    </None>
    <None Include="..\Build\FFmpegInteropX.Desktop.FFmpeg.nuspec">
      <Filter>NuGet</Filter>
    </None>
    <None Include="..\Build\FFmpegInteropX.Desktop.FFmpeg.targets">
      <Filter>NuGet</Filter>
    </None>
    <None Include="..\Build\FFmpegInteropX.nuspec">
      <Filter>NuGet</Filter>
    </None>
    <None Include="..\Build-OverallPackage.ps1">
      <Filter>Build</Filter>
    </None>
  </ItemGroup>
  <ItemGroup>
    <ClInclude Include="CodecChecker.h" />
    <ClInclude Include="CodecRequiredEventArgs.h" />
    <ClInclude Include="FFmpegInteropLogging.h" />
    <ClInclude Include="FFmpegMediaSource.h" />
    <ClInclude Include="FFmpegReader.h" />
    <ClInclude Include="FFmpegUtils.h" />
    <ClInclude Include="FrameGrabber.h" />
    <ClInclude Include="MediaSourceConfig.h" />
    <ClInclude Include="pch.h" />
    <ClInclude Include="StreamBuffer.h" />
    <ClInclude Include="VideoFrame.h" />
    <ClInclude Include="AttachedFile.h">
      <Filter>Helpers</Filter>
    </ClInclude>
    <ClInclude Include="AttachedFileHelper.h">
      <Filter>Helpers</Filter>
    </ClInclude>
    <ClInclude Include="VideoFilterFactory.h">
      <Filter>Effects</Filter>
    </ClInclude>
    <ClInclude Include="AvFilterFactoryBase.h">
      <Filter>Effects</Filter>
    </ClInclude>
    <ClInclude Include="AudioFilterFactory.h">
      <Filter>Effects</Filter>
    </ClInclude>
    <ClInclude Include="AudioFilter.h">
      <Filter>Effects</Filter>
    </ClInclude>
    <ClInclude Include="ReferenceCue.h">
      <Filter>Subtitles</Filter>
    </ClInclude>
    <ClInclude Include="SubtitleProvider.h">
      <Filter>Subtitles</Filter>
    </ClInclude>
    <ClInclude Include="SubtitleProviderBitmap.h">
      <Filter>Subtitles</Filter>
    </ClInclude>
    <ClInclude Include="SubtitleProviderSsaAss.h">
      <Filter>Subtitles</Filter>
    </ClInclude>
    <ClInclude Include="CompressedSampleProvider.h">
      <Filter>SampleProviders</Filter>
    </ClInclude>
    <ClInclude Include="D3D11VideoSampleProvider.h">
      <Filter>SampleProviders</Filter>
    </ClInclude>
    <ClInclude Include="H264AVCSampleProvider.h">
      <Filter>SampleProviders</Filter>
    </ClInclude>
    <ClInclude Include="HEVCSampleProvider.h">
      <Filter>SampleProviders</Filter>
    </ClInclude>
    <ClInclude Include="MediaSampleProvider.h">
      <Filter>SampleProviders</Filter>
    </ClInclude>
    <ClInclude Include="NALPacketSampleProvider.h">
      <Filter>SampleProviders</Filter>
    </ClInclude>
    <ClInclude Include="UncompressedAudioSampleProvider.h">
      <Filter>SampleProviders</Filter>
    </ClInclude>
    <ClInclude Include="UncompressedFrameProvider.h">
      <Filter>SampleProviders</Filter>
    </ClInclude>
    <ClInclude Include="UncompressedSampleProvider.h">
      <Filter>SampleProviders</Filter>
    </ClInclude>
    <ClInclude Include="UncompressedVideoSampleProvider.h">
      <Filter>SampleProviders</Filter>
    </ClInclude>
    <ClInclude Include="AudioStreamInfo.h">
      <Filter>StreamInfos</Filter>
    </ClInclude>
    <ClInclude Include="ChapterInfo.h">
      <Filter>StreamInfos</Filter>
    </ClInclude>
    <ClInclude Include="VideoStreamInfo.h">
      <Filter>StreamInfos</Filter>
    </ClInclude>
    <ClInclude Include="FormatInfo.h">
      <Filter>StreamInfos</Filter>
    </ClInclude>
    <ClInclude Include="SubtitleStreamInfo.h">
      <Filter>StreamInfos</Filter>
    </ClInclude>
    <ClInclude Include="IAvFilter.h">
      <Filter>Effects</Filter>
    </ClInclude>
    <ClInclude Include="AvCodecContextHelpers.h">
      <Filter>Helpers</Filter>
    </ClInclude>
    <ClInclude Include="VideoFilter.h">
      <Filter>Effects</Filter>
    </ClInclude>
    <ClInclude Include="StringUtils.h">
      <Filter>Helpers</Filter>
    </ClInclude>
    <ClInclude Include="TexturePool.h">
      <Filter>Helpers</Filter>
    </ClInclude>
    <ClInclude Include="TimeSpanHelpers.h">
      <Filter>Helpers</Filter>
    </ClInclude>
    <ClInclude Include="NativeBuffer.h">
      <Filter>Helpers</Filter>
    </ClInclude>
    <ClInclude Include="NativeBufferFactory.h">
      <Filter>Helpers</Filter>
    </ClInclude>
    <ClInclude Include="CharacterEncoding.h">
      <Filter>Helpers</Filter>
    </ClInclude>
    <ClInclude Include="DirectXInteropHelper.h">
      <Filter>Helpers</Filter>
    </ClInclude>
    <ClInclude Include="MediaMetadata.h">
      <Filter>Metadata</Filter>
    </ClInclude>
    <ClInclude Include="MediaThumbnailData.h">
      <Filter>Metadata</Filter>
    </ClInclude>
    <ClInclude Include="LanguageTagConverter.h">
      <Filter>Helpers</Filter>
    </ClInclude>
    <ClInclude Include="GeneralConfig.h" />
    <ClInclude Include="SubtitlesConfig.h" />
    <ClInclude Include="VideoConfig.h" />
    <ClInclude Include="AudioConfig.h" />
    <ClInclude Include="ConfigurationCommon.h" />
    <ClInclude Include="text_encoding_detect.h">
      <Filter>Helpers</Filter>
    </ClInclude>
    <ClInclude Include="SubtitleParser.h" />
    <ClInclude Include="PlatformInfo.h">
      <Filter>Helpers</Filter>
    </ClInclude>
    <ClInclude Include="resource.h">
      <Filter>Resources</Filter>
    </ClInclude>
  </ItemGroup>
  <ItemGroup>
    <ClCompile Include="CodecChecker.cpp" />
    <ClCompile Include="CodecRequiredEventArgs.cpp" />
    <ClCompile Include="FFmpegInteropLogging.cpp" />
    <ClCompile Include="FFmpegMediaSource.cpp" />
    <ClCompile Include="FFmpegReader.cpp" />
    <ClCompile Include="FFmpegUtils.cpp" />
    <ClCompile Include="FrameGrabber.cpp" />
    <ClCompile Include="MediaSourceConfig.cpp" />
    <ClCompile Include="pch.cpp" />
    <ClCompile Include="VideoFrame.cpp" />
    <ClCompile Include="AttachedFile.cpp">
      <Filter>Helpers</Filter>
    </ClCompile>
    <ClCompile Include="AttachedFileHelper.cpp">
      <Filter>Helpers</Filter>
    </ClCompile>
    <ClCompile Include="ReferenceCue.cpp">
      <Filter>Subtitles</Filter>
    </ClCompile>
    <ClCompile Include="SubtitleProvider.cpp">
      <Filter>Subtitles</Filter>
    </ClCompile>
    <ClCompile Include="SubtitleProviderSsaAss.cpp">
      <Filter>Subtitles</Filter>
    </ClCompile>
    <ClCompile Include="CompressedSampleProvider.cpp">
      <Filter>SampleProviders</Filter>
    </ClCompile>
    <ClCompile Include="D3D11VideoSampleProvider.cpp">
      <Filter>SampleProviders</Filter>
    </ClCompile>
    <ClCompile Include="H264AVCSampleProvider.cpp">
      <Filter>SampleProviders</Filter>
    </ClCompile>
    <ClCompile Include="HEVCSampleProvider.cpp">
      <Filter>SampleProviders</Filter>
    </ClCompile>
    <ClCompile Include="MediaSampleProvider.cpp">
      <Filter>SampleProviders</Filter>
    </ClCompile>
    <ClCompile Include="NALPacketSampleProvider.cpp">
      <Filter>SampleProviders</Filter>
    </ClCompile>
    <ClCompile Include="UncompressedAudioSampleProvider.cpp">
      <Filter>SampleProviders</Filter>
    </ClCompile>
    <ClCompile Include="UncompressedSampleProvider.cpp">
      <Filter>SampleProviders</Filter>
    </ClCompile>
    <ClCompile Include="UncompressedVideoSampleProvider.cpp">
      <Filter>SampleProviders</Filter>
    </ClCompile>
    <ClCompile Include="AudioStreamInfo.cpp">
      <Filter>StreamInfos</Filter>
    </ClCompile>
    <ClCompile Include="ChapterInfo.cpp">
      <Filter>StreamInfos</Filter>
    </ClCompile>
    <ClCompile Include="VideoStreamInfo.cpp">
      <Filter>StreamInfos</Filter>
    </ClCompile>
    <ClCompile Include="FormatInfo.cpp">
      <Filter>StreamInfos</Filter>
    </ClCompile>
    <ClCompile Include="SubtitleStreamInfo.cpp">
      <Filter>StreamInfos</Filter>
    </ClCompile>
    <ClCompile Include="NativeBufferFactory.cpp">
      <Filter>Helpers</Filter>
    </ClCompile>
    <ClCompile Include="CharacterEncoding.cpp">
      <Filter>Helpers</Filter>
    </ClCompile>
    <ClCompile Include="DirectXInteropHelper.cpp">
      <Filter>Helpers</Filter>
    </ClCompile>
    <ClCompile Include="$(GeneratedFilesDir)module.g.cpp" />
    <ClCompile Include="MediaThumbnailData.cpp">
      <Filter>Metadata</Filter>
    </ClCompile>
    <ClCompile Include="LanguageTagConverter.cpp">
      <Filter>Helpers</Filter>
    </ClCompile>
    <ClCompile Include="GeneralConfig.cpp" />
    <ClCompile Include="SubtitlesConfig.cpp" />
    <ClCompile Include="VideoConfig.cpp" />
    <ClCompile Include="AudioConfig.cpp" />
    <ClCompile Include="text_encoding_detect.cpp">
      <Filter>Helpers</Filter>
    </ClCompile>
    <ClCompile Include="SubtitleParser.cpp" />
    <ClCompile Include="PlatformInfo.cpp">
      <Filter>Helpers</Filter>
    </ClCompile>
  </ItemGroup>
  <ItemGroup>
    <Midl Include="FFmpegInteropX.idl" />
  </ItemGroup>
  <ItemGroup>
    <Text Include="readme.txt" />
  </ItemGroup>
  <ItemGroup>
    <ResourceCompile Include="FFmpegInteropX.rc">
      <Filter>Resources</Filter>
    </ResourceCompile>
  </ItemGroup>
</Project>